{
  "name": "namespaceslab",
  "version": "1.0.0",
  "lockfileVersion": 1,
  "requires": true,
  "dependencies": {
    "@types/lodash": {
      "version": "4.14.74",
      "resolved": "https://registry.npmjs.org/@types/lodash/-/lodash-4.14.74.tgz",
      "integrity": "sha512-BZknw3E/z3JmCLqQVANcR17okqVTPZdlxvcIz0fJiJVLUCbSH1hK3zs9r634PVSmrzAxN+n/fxlVRiYoArdOIQ=="
    },
    "lodash": {
      "version": "4.17.4",
      "resolved": "https://registry.npmjs.org/lodash/-/lodash-4.17.4.tgz",
      "integrity": "sha1-eCA6TRwyiuHYbcpkYONptX9AVa4="
    },
    "typescript": {
      "version": "2.5.2",
      "resolved": "https://registry.npmjs.org/typescript/-/typescript-2.5.2.tgz",
      "integrity": "sha1-A4qV99m7tCCxvzW6MdTFwd0//jQ="
    }
  }
}
